
Microsoft Visual Studio Solution File, Format Version 12.00
# Visual Studio 15
VisualStudioVersion = 15.0.28302.56
MinimumVisualStudioVersion = 10.0.40219.1
Project("{9092AA53-FB77-4645-B42D-1CCCA6BD08BD}") = "Einstein", "Einstein\Einstein.njsproj", "{DF65C060-307D-4759-9F2A-3166CFB01FA3}"
EndProject
Global
	GlobalSection(SolutionConfigurationPlatforms) = preSolution
		Debug|Any CPU = Debug|Any CPU
		Release|Any CPU = Release|Any CPU
	EndGlobalSection
	GlobalSection(ProjectConfigurationPlatforms) = postSolution
		{DF65C060-307D-4759-9F2A-3166CFB01FA3}.Debug|Any CPU.ActiveCfg = Debug|Any CPU
		{DF65C060-307D-4759-9F2A-3166CFB01FA3}.Debug|Any CPU.Build.0 = Debug|Any CPU
		{DF65C060-307D-4759-9F2A-3166CFB01FA3}.Release|Any CPU.ActiveCfg = Release|Any CPU
		{DF65C060-307D-4759-9F2A-3166CFB01FA3}.Release|Any CPU.Build.0 = Release|Any CPU
	EndGlobalSection
	GlobalSection(SolutionProperties) = preSolution
		HideSolutionNode = FALSE
	EndGlobalSection
	GlobalSection(ExtensibilityGlobals) = postSolution
		SolutionGuid = {2FBE80C1-9090-4F3B-9825-A8C917FD64BD}
	EndGlobalSection
EndGlobal
